Microsoft Visual Studio Solution File, Format Version 11.00
# Visual Studio 2008

Project("{52AEADF5-ACCC-9B54-961A-DCA6E6D7A482}") = "FourSides", "Assembly-CSharp-firstpass.csproj", "{296D63F1-39E0-9CEB-B521-0ACC6173515A}"
EndProject
Project("{52AEADF5-ACCC-9B54-961A-DCA6E6D7A482}") = "FourSides", "Assembly-CSharp.csproj", "{627DDF39-11AE-455D-7248-95157C6C5725}"
EndProject
Project("{52AEADF5-ACCC-9B54-961A-DCA6E6D7A482}") = "FourSides", "Assembly-CSharp-Editor.csproj", "{10463D2A-FD01-4A88-7BF3-2B9C40C03E1E}"
EndProject
Global
	GlobalSection(SolutionConfigurationPlatforms) = preSolution
		Debug|Any CPU = Debug|Any CPU
		Release|Any CPU = Release|Any CPU
	EndGlobalSection
	GlobalSection(ProjectConfigurationPlatforms) = postSolution
		{296D63F1-39E0-9CEB-B521-0ACC6173515A}.Debug|Any CPU.ActiveCfg = Debug|Any CPU
		{296D63F1-39E0-9CEB-B521-0ACC6173515A}.Debug|Any CPU.Build.0 = Debug|Any CPU
		{296D63F1-39E0-9CEB-B521-0ACC6173515A}.Release|Any CPU.ActiveCfg = Release|Any CPU
		{296D63F1-39E0-9CEB-B521-0ACC6173515A}.Release|Any CPU.Build.0 = Release|Any CPU
		{627DDF39-11AE-455D-7248-95157C6C5725}.Debug|Any CPU.ActiveCfg = Debug|Any CPU
		{627DDF39-11AE-455D-7248-95157C6C5725}.Debug|Any CPU.Build.0 = Debug|Any CPU
		{627DDF39-11AE-455D-7248-95157C6C5725}.Release|Any CPU.ActiveCfg = Release|Any CPU
		{627DDF39-11AE-455D-7248-95157C6C5725}.Release|Any CPU.Build.0 = Release|Any CPU
		{10463D2A-FD01-4A88-7BF3-2B9C40C03E1E}.Debug|Any CPU.ActiveCfg = Debug|Any CPU
		{10463D2A-FD01-4A88-7BF3-2B9C40C03E1E}.Debug|Any CPU.Build.0 = Debug|Any CPU
		{10463D2A-FD01-4A88-7BF3-2B9C40C03E1E}.Release|Any CPU.ActiveCfg = Release|Any CPU
		{10463D2A-FD01-4A88-7BF3-2B9C40C03E1E}.Release|Any CPU.Build.0 = Release|Any CPU
	EndGlobalSection
	GlobalSection(SolutionProperties) = preSolution
		HideSolutionNode = FALSE
	EndGlobalSection
	GlobalSection(MonoDevelopProperties) = preSolution
		StartupItem = Assembly-CSharp.csproj
	EndGlobalSection
EndGlobal
