
Microsoft Visual Studio Solution File, Format Version 12.00
# Visual Studio 2015
Project("{FAE04EC0-301F-11D3-BF4B-00C04F79EFBC}") = "FourSides.CSharp.Plugins", "FourSides.CSharp.Plugins.csproj", "{03A3D048-33DF-32A3-078C-3FF1D38F4B21}"
EndProject
Project("{FAE04EC0-301F-11D3-BF4B-00C04F79EFBC}") = "FourSides.CSharp", "FourSides.CSharp.csproj", "{CE246F53-1034-D46F-031E-B6AA4AEF9608}"
EndProject
Project("{FAE04EC0-301F-11D3-BF4B-00C04F79EFBC}") = "FourSides.CSharp.Editor", "FourSides.CSharp.Editor.csproj", "{24C2450C-2E2F-31F2-AD3E-49FF7F5E82D6}"
EndProject
Global
	GlobalSection(SolutionConfigurationPlatforms) = preSolution
		Debug|Any CPU = Debug|Any CPU
		Release|Any CPU = Release|Any CPU
	EndGlobalSection
	GlobalSection(ProjectConfigurationPlatforms) = postSolution
		{03A3D048-33DF-32A3-078C-3FF1D38F4B21}.Debug|Any CPU.ActiveCfg = Debug|Any CPU
		{03A3D048-33DF-32A3-078C-3FF1D38F4B21}.Debug|Any CPU.Build.0 = Debug|Any CPU
		{03A3D048-33DF-32A3-078C-3FF1D38F4B21}.Release|Any CPU.ActiveCfg = Release|Any CPU
		{03A3D048-33DF-32A3-078C-3FF1D38F4B21}.Release|Any CPU.Build.0 = Release|Any CPU
		{CE246F53-1034-D46F-031E-B6AA4AEF9608}.Debug|Any CPU.ActiveCfg = Debug|Any CPU
		{CE246F53-1034-D46F-031E-B6AA4AEF9608}.Debug|Any CPU.Build.0 = Debug|Any CPU
		{CE246F53-1034-D46F-031E-B6AA4AEF9608}.Release|Any CPU.ActiveCfg = Release|Any CPU
		{CE246F53-1034-D46F-031E-B6AA4AEF9608}.Release|Any CPU.Build.0 = Release|Any CPU
		{24C2450C-2E2F-31F2-AD3E-49FF7F5E82D6}.Debug|Any CPU.ActiveCfg = Debug|Any CPU
		{24C2450C-2E2F-31F2-AD3E-49FF7F5E82D6}.Debug|Any CPU.Build.0 = Debug|Any CPU
		{24C2450C-2E2F-31F2-AD3E-49FF7F5E82D6}.Release|Any CPU.ActiveCfg = Release|Any CPU
		{24C2450C-2E2F-31F2-AD3E-49FF7F5E82D6}.Release|Any CPU.Build.0 = Release|Any CPU
	EndGlobalSection
	GlobalSection(SolutionProperties) = preSolution
		HideSolutionNode = FALSE
	EndGlobalSection
EndGlobal
